Microsoft Visual Studio Solution File, Format Version 12.00
# Visual Studio Version 17
VisualStudioVersion = 17.5.2.0
MinimumVisualStudioVersion = 10.0.40219.1
Project("{FAE04EC0-301F-11D3-BF4B-00C04F79EFBC}") = "CSVToJsonApp", "CSVToJsonApp\CSVToJsonApp.csproj", "{FE78A73F-F70E-E7B7-8E16-D6378CE9AE28}"
EndProject
Global
	GlobalSection(SolutionConfigurationPlatforms) = preSolution
		Debug|Any CPU = Debug|Any CPU
		Release|Any CPU = Release|Any CPU
	EndGlobalSection
	GlobalSection(ProjectConfigurationPlatforms) = postSolution
		{FE78A73F-F70E-E7B7-8E16-D6378CE9AE28}.Debug|Any CPU.ActiveCfg = Debug|Any CPU
		{FE78A73F-F70E-E7B7-8E16-D6378CE9AE28}.Debug|Any CPU.Build.0 = Debug|Any CPU
		{FE78A73F-F70E-E7B7-8E16-D6378CE9AE28}.Release|Any CPU.ActiveCfg = Release|Any CPU
		{FE78A73F-F70E-E7B7-8E16-D6378CE9AE28}.Release|Any CPU.Build.0 = Release|Any CPU
	EndGlobalSection
	GlobalSection(SolutionProperties) = preSolution
		HideSolutionNode = FALSE
	EndGlobalSection
	GlobalSection(ExtensibilityGlobals) = postSolution
		SolutionGuid = {ACD8B11A-B011-4C34-90E6-36CDAD47813E}
	EndGlobalSection
EndGlobal
